<?xml version="1.0" encoding="utf-8"?>
<Project ToolsVersion="4.0" xmlns="http://schemas.microsoft.com/developer/msbuild/2003">
  <ItemGroup>
    <ClCompile Include="Source\Managers\InputManager.cpp" />
    <ClCompile Include="Source\Logger\Assert.cpp" />
    <ClCompile Include="Source\Renderer\FontRenderer.cpp" />
    <ClCompile Include="Source\Renderer\Material.cpp" />
    <ClCompile Include="Source\Renderer\Framebuffer.cpp" />
    <ClCompile Include="Source\Math\Filters.cpp" />
    <ClCompile Include="Source\GameObjects\Component.cpp" />
    <ClCompile Include="Source\GameObjects\Components\Renderable.cpp" />
    <ClCompile Include="Source\GameObjects\Components\Transform.cpp" />
    <ClCompile Include="Source\GameObjects\Object.cpp" />
    <ClCompile Include="Source\GameObjects\Scene.cpp" />
    <ClCompile Include="Source\Logger\Logger.cpp" />
    <ClCompile Include="Source\Managers\ResourceManager.cpp" />
    <ClCompile Include="Source\Managers\ShaderManager.cpp" />
    <ClCompile Include="Source\Math\MathTypes.cpp" />
    <ClCompile Include="Source\Renderer\GLRenderer.cpp" />
    <ClCompile Include="Source\Renderer\Mesh.cpp" />
    <ClCompile Include="Source\Renderer\RenderableScene.cpp" />
    <ClCompile Include="Source\Renderer\ShaderProgram.cpp" />
    <ClCompile Include="Source\Renderer\Texture.cpp" />
    <ClCompile Include="Source\GLPlayground.cpp" />
    <ClCompile Include="Source\GameObjects\Objects\TexturedObject.cpp" />
    <ClCompile Include="Source\Managers\TextureManager.cpp" />
    <ClCompile Include="Source\stdafx.cpp" />
    <ClCompile Include="Source\GameObjects\Components\Text.cpp" />
    <ClCompile Include="Source\Renderer\VertexFactory.cpp" />
    <ClCompile Include="Source\Renderer\VertexData.cpp" />
    <ClCompile Include="Source\Managers\MeshManager.cpp" />
    <ClCompile Include="Source\Resources\Obj\ObjImporter.cpp" />
    <ClCompile Include="Source\Renderer\RenderingInfo.cpp" />
    <ClCompile Include="Source\Renderer\PrimitiveDrawer.cpp" />
    <ClCompile Include="Source\GameObjects\Components\RenderableDebug.cpp" />
    <ClCompile Include="Source\Renderer\Lights\Lights.cpp" />
    <ClCompile Include="Source\Renderer\Sampler.cpp" />
    <ClCompile Include="Source\GameObjects\Objects\PointLightObject.cpp" />
    <ClCompile Include="Source\GameObjects\Components\PointLightComponent.cpp" />
    <ClCompile Include="Source\Renderer\MeshMaterialParameters.cpp" />
    <ClCompile Include="Source\GameObjects\Components\DisComponent.cpp" />
  </ItemGroup>
  <ItemGroup>
    <ClInclude Include="Libs\stb\stb_image_write.h" />
    <ClInclude Include="Libs\stb\stb_truetype.h" />
    <ClInclude Include="Source\Input\Input.h" />
    <ClInclude Include="Source\Logger\Asserts.h" />
    <ClInclude Include="Source\Managers\InputManager.h" />
    <ClInclude Include="Source\Renderer\Font.h" />
    <ClInclude Include="Source\Renderer\FontRenderer.h" />
    <ClInclude Include="Source\Renderer\Material.h" />
    <ClInclude Include="Source\Renderer\Framebuffer.h" />
    <ClInclude Include="Source\Math\Filters.h" />
    <ClInclude Include="Source\GameObjects\Component.h" />
    <ClInclude Include="Source\GameObjects\Components\Renderable.h" />
    <ClInclude Include="Source\GameObject\Components\Scene.h" />
    <ClInclude Include="Source\GameObjects\Components\Transform.h" />
    <ClInclude Include="Source\GameObjects\Object.h" />
    <ClInclude Include="Source\GameObjects\Scene.h" />
    <ClInclude Include="Source\Logger\Logger.h" />
    <ClInclude Include="Source\Managers\ResourceManager.h" />
    <ClInclude Include="Source\Managers\ShaderManager.h" />
    <ClInclude Include="Source\Math\MathTypes.h" />
    <ClInclude Include="Source\Renderer\GLRenderer.h" />
    <ClInclude Include="Source\Renderer\GLUtilities.h" />
    <ClInclude Include="Source\Renderer\Mesh.h" />
    <ClInclude Include="Source\Renderer\RenderableScene.h" />
    <ClInclude Include="Source\Renderer\ShaderProgram.h" />
    <ClInclude Include="Source\Renderer\Texture.h" />
    <ClInclude Include="Libs\stb\stb_image.h" />
    <ClInclude Include="Source\Renderer\Uniform.h" />
    <ClInclude Include="Source\stdafx.h" />
    <ClInclude Include="Source\targetver.h" />
    <ClInclude Include="Source\GameObjects\Objects\TexturedObject.h" />
    <ClInclude Include="Source\Managers\TextureManager.h" />
    <ClInclude Include="Source\GameObjects\Components\Text.h" />
    <ClInclude Include="Source\Renderer\VertexFactory.h" />
    <ClInclude Include="Source\Renderer\VertexData.h" />
    <ClInclude Include="Source\Managers\MeshManager.h" />
    <ClInclude Include="Source\Resources\Importer.h" />
    <ClInclude Include="Source\Resources\Obj\ObjImporter.h" />
    <ClInclude Include="Source\Renderer\RenderingInfo.h" />
    <ClInclude Include="Source\Renderer\PrimitiveDrawer.h" />
    <ClInclude Include="Source\GameObjects\Components\RenderableDebug.h" />
    <ClInclude Include="Source\Renderer\Lights\Lights.h" />
    <ClInclude Include="Source\Renderer\Sampler.h" />
    <ClInclude Include="Source\GameObjects\Objects\PointLightObject.h" />
    <ClInclude Include="Source\GameObjects\Components\PointLightComponent.h" />
    <ClInclude Include="Source\Renderer\MeshMaterialParameters.h" />
    <ClInclude Include="Source\GameObjects\Components\DisComponent.h" />
  </ItemGroup>
  <ItemGroup>
    <None Include="ClassDiagram.cd" />
  </ItemGroup>
</Project>